
Microsoft Visual Studio Solution File, Format Version 12.00
# Visual Studio Version 16
VisualStudioVersion = 16.0.29326.143
MinimumVisualStudioVersion = 10.0.40219.1
Project("{8BC9CEB8-8B4A-11D0-8D11-00A0C91BC942}") = "ConnectFour", "ConnectFour\ConnectFour.vcxproj", "{75D26947-3550-47CE-AA77-45CBB820B91C}"
EndProject
Global
	GlobalSection(SolutionConfigurationPlatforms) = preSolution
		Debug|x64 = Debug|x64
		Debug|x86 = Debug|x86
		Release|x64 = Release|x64
		Release|x86 = Release|x86
	EndGlobalSection
	GlobalSection(ProjectConfigurationPlatforms) = postSolution
		{75D26947-3550-47CE-AA77-45CBB820B91C}.Debug|x64.ActiveCfg = Debug|x64
		{75D26947-3550-47CE-AA77-45CBB820B91C}.Debug|x64.Build.0 = Debug|x64
		{75D26947-3550-47CE-AA77-45CBB820B91C}.Debug|x86.ActiveCfg = Debug|Win32
		{75D26947-3550-47CE-AA77-45CBB820B91C}.Debug|x86.Build.0 = Debug|Win32
		{75D26947-3550-47CE-AA77-45CBB820B91C}.Release|x64.ActiveCfg = Release|x64
		{75D26947-3550-47CE-AA77-45CBB820B91C}.Release|x64.Build.0 = Release|x64
		{75D26947-3550-47CE-AA77-45CBB820B91C}.Release|x86.ActiveCfg = Release|Win32
		{75D26947-3550-47CE-AA77-45CBB820B91C}.Release|x86.Build.0 = Release|Win32
	EndGlobalSection
	GlobalSection(SolutionProperties) = preSolution
		HideSolutionNode = FALSE
	EndGlobalSection
	GlobalSection(ExtensibilityGlobals) = postSolution
		SolutionGuid = {7311897C-C3C2-4B3E-98DC-149183170C43}
	EndGlobalSection
EndGlobal
